
Microsoft Visual Studio Solution File, Format Version 12.00
# Visual Studio Version 16
VisualStudioVersion = 16.0.28803.452
MinimumVisualStudioVersion = 10.0.40219.1
Project("{FAE04EC0-301F-11D3-BF4B-00C04F79EFBC}") = "territory.mobile.UWP", "territory.mobile\territory.mobile.UWP\territory.mobile.UWP.csproj", "{08D07D43-DB0F-40FA-9633-9E4B1B737C35}"
EndProject
Project("{FAE04EC0-301F-11D3-BF4B-00C04F79EFBC}") = "territory.mobile.Android", "territory.mobile\territory.mobile.Android\territory.mobile.Android.csproj", "{BA41F246-B040-4798-AF7C-E0D4ABCC5A2E}"
EndProject
Project("{FAE04EC0-301F-11D3-BF4B-00C04F79EFBC}") = "territory.mobile.iOS", "territory.mobile\territory.mobile.iOS\territory.mobile.iOS.csproj", "{9EFAF9AB-1332-42CB-BE7C-DBC3BB0DC3EA}"
EndProject
Project("{FAE04EC0-301F-11D3-BF4B-00C04F79EFBC}") = "territory.mobile.MobileAppService", "territory.mobile\territory.mobile.MobileAppService\territory.mobile.MobileAppService.csproj", "{09ABC937-0F06-4007-A9C9-97719A235FE4}"
EndProject
Project("{FAE04EC0-301F-11D3-BF4B-00C04F79EFBC}") = "territory.mobile", "territory.mobile\territory.mobile\territory.mobile.csproj", "{DF417CD5-667D-4F3E-BA26-E3CEBBCE7118}"
EndProject
Global
	GlobalSection(SolutionConfigurationPlatforms) = preSolution
		Debug|Any CPU = Debug|Any CPU
		Debug|ARM = Debug|ARM
		Debug|iPhone = Debug|iPhone
		Debug|iPhoneSimulator = Debug|iPhoneSimulator
		Debug|x64 = Debug|x64
		Debug|x86 = Debug|x86
		Release|Any CPU = Release|Any CPU
		Release|ARM = Release|ARM
		Release|iPhone = Release|iPhone
		Release|iPhoneSimulator = Release|iPhoneSimulator
		Release|x64 = Release|x64
		Release|x86 = Release|x86
	EndGlobalSection
	GlobalSection(ProjectConfigurationPlatforms) = postSolution
		{08D07D43-DB0F-40FA-9633-9E4B1B737C35}.Debug|Any CPU.ActiveCfg = Debug|x86
		{08D07D43-DB0F-40FA-9633-9E4B1B737C35}.Debug|Any CPU.Build.0 = Debug|x86
		{08D07D43-DB0F-40FA-9633-9E4B1B737C35}.Debug|Any CPU.Deploy.0 = Debug|x86
		{08D07D43-DB0F-40FA-9633-9E4B1B737C35}.Debug|ARM.ActiveCfg = Debug|ARM
		{08D07D43-DB0F-40FA-9633-9E4B1B737C35}.Debug|ARM.Build.0 = Debug|ARM
		{08D07D43-DB0F-40FA-9633-9E4B1B737C35}.Debug|ARM.Deploy.0 = Debug|ARM
		{08D07D43-DB0F-40FA-9633-9E4B1B737C35}.Debug|iPhone.ActiveCfg = Debug|x86
		{08D07D43-DB0F-40FA-9633-9E4B1B737C35}.Debug|iPhone.Build.0 = Debug|x86
		{08D07D43-DB0F-40FA-9633-9E4B1B737C35}.Debug|iPhone.Deploy.0 = Debug|x86
		{08D07D43-DB0F-40FA-9633-9E4B1B737C35}.Debug|iPhoneSimulator.ActiveCfg = Debug|x86
		{08D07D43-DB0F-40FA-9633-9E4B1B737C35}.Debug|iPhoneSimulator.Build.0 = Debug|x86
		{08D07D43-DB0F-40FA-9633-9E4B1B737C35}.Debug|iPhoneSimulator.Deploy.0 = Debug|x86
		{08D07D43-DB0F-40FA-9633-9E4B1B737C35}.Debug|x64.ActiveCfg = Debug|x64
		{08D07D43-DB0F-40FA-9633-9E4B1B737C35}.Debug|x64.Build.0 = Debug|x64
		{08D07D43-DB0F-40FA-9633-9E4B1B737C35}.Debug|x64.Deploy.0 = Debug|x64
		{08D07D43-DB0F-40FA-9633-9E4B1B737C35}.Debug|x86.ActiveCfg = Debug|x86
		{08D07D43-DB0F-40FA-9633-9E4B1B737C35}.Debug|x86.Build.0 = Debug|x86
		{08D07D43-DB0F-40FA-9633-9E4B1B737C35}.Debug|x86.Deploy.0 = Debug|x86
		{08D07D43-DB0F-40FA-9633-9E4B1B737C35}.Release|Any CPU.ActiveCfg = Release|x86
		{08D07D43-DB0F-40FA-9633-9E4B1B737C35}.Release|Any CPU.Build.0 = Release|x86
		{08D07D43-DB0F-40FA-9633-9E4B1B737C35}.Release|Any CPU.Deploy.0 = Release|x86
		{08D07D43-DB0F-40FA-9633-9E4B1B737C35}.Release|ARM.ActiveCfg = Release|ARM
		{08D07D43-DB0F-40FA-9633-9E4B1B737C35}.Release|ARM.Build.0 = Release|ARM
		{08D07D43-DB0F-40FA-9633-9E4B1B737C35}.Release|ARM.Deploy.0 = Release|ARM
		{08D07D43-DB0F-40FA-9633-9E4B1B737C35}.Release|iPhone.ActiveCfg = Release|x86
		{08D07D43-DB0F-40FA-9633-9E4B1B737C35}.Release|iPhone.Build.0 = Release|x86
		{08D07D43-DB0F-40FA-9633-9E4B1B737C35}.Release|iPhone.Deploy.0 = Release|x86
		{08D07D43-DB0F-40FA-9633-9E4B1B737C35}.Release|iPhoneSimulator.ActiveCfg = Release|x86
		{08D07D43-DB0F-40FA-9633-9E4B1B737C35}.Release|iPhoneSimulator.Build.0 = Release|x86
		{08D07D43-DB0F-40FA-9633-9E4B1B737C35}.Release|iPhoneSimulator.Deploy.0 = Release|x86
		{08D07D43-DB0F-40FA-9633-9E4B1B737C35}.Release|x64.ActiveCfg = Release|x64
		{08D07D43-DB0F-40FA-9633-9E4B1B737C35}.Release|x64.Build.0 = Release|x64
		{08D07D43-DB0F-40FA-9633-9E4B1B737C35}.Release|x64.Deploy.0 = Release|x64
		{08D07D43-DB0F-40FA-9633-9E4B1B737C35}.Release|x86.ActiveCfg = Release|x86
		{08D07D43-DB0F-40FA-9633-9E4B1B737C35}.Release|x86.Build.0 = Release|x86
		{08D07D43-DB0F-40FA-9633-9E4B1B737C35}.Release|x86.Deploy.0 = Release|x86
		{BA41F246-B040-4798-AF7C-E0D4ABCC5A2E}.Debug|Any CPU.ActiveCfg = Debug|Any CPU
		{BA41F246-B040-4798-AF7C-E0D4ABCC5A2E}.Debug|Any CPU.Build.0 = Debug|Any CPU
		{BA41F246-B040-4798-AF7C-E0D4ABCC5A2E}.Debug|Any CPU.Deploy.0 = Debug|Any CPU
		{BA41F246-B040-4798-AF7C-E0D4ABCC5A2E}.Debug|ARM.ActiveCfg = Debug|Any CPU
		{BA41F246-B040-4798-AF7C-E0D4ABCC5A2E}.Debug|ARM.Build.0 = Debug|Any CPU
		{BA41F246-B040-4798-AF7C-E0D4ABCC5A2E}.Debug|ARM.Deploy.0 = Debug|Any CPU
		{BA41F246-B040-4798-AF7C-E0D4ABCC5A2E}.Debug|iPhone.ActiveCfg = Debug|Any CPU
		{BA41F246-B040-4798-AF7C-E0D4ABCC5A2E}.Debug|iPhone.Build.0 = Debug|Any CPU
		{BA41F246-B040-4798-AF7C-E0D4ABCC5A2E}.Debug|iPhone.Deploy.0 = Debug|Any CPU
		{BA41F246-B040-4798-AF7C-E0D4ABCC5A2E}.Debug|iPhoneSimulator.ActiveCfg = Debug|Any CPU
		{BA41F246-B040-4798-AF7C-E0D4ABCC5A2E}.Debug|iPhoneSimulator.Build.0 = Debug|Any CPU
		{BA41F246-B040-4798-AF7C-E0D4ABCC5A2E}.Debug|iPhoneSimulator.Deploy.0 = Debug|Any CPU
		{BA41F246-B040-4798-AF7C-E0D4ABCC5A2E}.Debug|x64.ActiveCfg = Debug|Any CPU
		{BA41F246-B040-4798-AF7C-E0D4ABCC5A2E}.Debug|x64.Build.0 = Debug|Any CPU
		{BA41F246-B040-4798-AF7C-E0D4ABCC5A2E}.Debug|x64.Deploy.0 = Debug|Any CPU
		{BA41F246-B040-4798-AF7C-E0D4ABCC5A2E}.Debug|x86.ActiveCfg = Debug|Any CPU
		{BA41F246-B040-4798-AF7C-E0D4ABCC5A2E}.Debug|x86.Build.0 = Debug|Any CPU
		{BA41F246-B040-4798-AF7C-E0D4ABCC5A2E}.Debug|x86.Deploy.0 = Debug|Any CPU
		{BA41F246-B040-4798-AF7C-E0D4ABCC5A2E}.Release|Any CPU.ActiveCfg = Release|Any CPU
		{BA41F246-B040-4798-AF7C-E0D4ABCC5A2E}.Release|Any CPU.Build.0 = Release|Any CPU
		{BA41F246-B040-4798-AF7C-E0D4ABCC5A2E}.Release|Any CPU.Deploy.0 = Release|Any CPU
		{BA41F246-B040-4798-AF7C-E0D4ABCC5A2E}.Release|ARM.ActiveCfg = Release|Any CPU
		{BA41F246-B040-4798-AF7C-E0D4ABCC5A2E}.Release|ARM.Build.0 = Release|Any CPU
		{BA41F246-B040-4798-AF7C-E0D4ABCC5A2E}.Release|ARM.Deploy.0 = Release|Any CPU
		{BA41F246-B040-4798-AF7C-E0D4ABCC5A2E}.Release|iPhone.ActiveCfg = Release|Any CPU
		{BA41F246-B040-4798-AF7C-E0D4ABCC5A2E}.Release|iPhone.Build.0 = Release|Any CPU
		{BA41F246-B040-4798-AF7C-E0D4ABCC5A2E}.Release|iPhone.Deploy.0 = Release|Any CPU
		{BA41F246-B040-4798-AF7C-E0D4ABCC5A2E}.Release|iPhoneSimulator.ActiveCfg = Release|Any CPU
		{BA41F246-B040-4798-AF7C-E0D4ABCC5A2E}.Release|iPhoneSimulator.Build.0 = Release|Any CPU
		{BA41F246-B040-4798-AF7C-E0D4ABCC5A2E}.Release|iPhoneSimulator.Deploy.0 = Release|Any CPU
		{BA41F246-B040-4798-AF7C-E0D4ABCC5A2E}.Release|x64.ActiveCfg = Release|Any CPU
		{BA41F246-B040-4798-AF7C-E0D4ABCC5A2E}.Release|x64.Build.0 = Release|Any CPU
		{BA41F246-B040-4798-AF7C-E0D4ABCC5A2E}.Release|x64.Deploy.0 = Release|Any CPU
		{BA41F246-B040-4798-AF7C-E0D4ABCC5A2E}.Release|x86.ActiveCfg = Release|Any CPU
		{BA41F246-B040-4798-AF7C-E0D4ABCC5A2E}.Release|x86.Build.0 = Release|Any CPU
		{BA41F246-B040-4798-AF7C-E0D4ABCC5A2E}.Release|x86.Deploy.0 = Release|Any CPU
		{9EFAF9AB-1332-42CB-BE7C-DBC3BB0DC3EA}.Debug|Any CPU.ActiveCfg = Debug|iPhone
		{9EFAF9AB-1332-42CB-BE7C-DBC3BB0DC3EA}.Debug|Any CPU.Build.0 = Debug|iPhone
		{9EFAF9AB-1332-42CB-BE7C-DBC3BB0DC3EA}.Debug|Any CPU.Deploy.0 = Debug|iPhone
		{9EFAF9AB-1332-42CB-BE7C-DBC3BB0DC3EA}.Debug|ARM.ActiveCfg = Debug|iPhoneSimulator
		{9EFAF9AB-1332-42CB-BE7C-DBC3BB0DC3EA}.Debug|ARM.Build.0 = Debug|iPhoneSimulator
		{9EFAF9AB-1332-42CB-BE7C-DBC3BB0DC3EA}.Debug|ARM.Deploy.0 = Debug|iPhoneSimulator
		{9EFAF9AB-1332-42CB-BE7C-DBC3BB0DC3EA}.Debug|iPhone.ActiveCfg = Debug|iPhone
		{9EFAF9AB-1332-42CB-BE7C-DBC3BB0DC3EA}.Debug|iPhone.Build.0 = Debug|iPhone
		{9EFAF9AB-1332-42CB-BE7C-DBC3BB0DC3EA}.Debug|iPhone.Deploy.0 = Debug|iPhone
		{9EFAF9AB-1332-42CB-BE7C-DBC3BB0DC3EA}.Debug|iPhoneSimulator.ActiveCfg = Debug|iPhoneSimulator
		{9EFAF9AB-1332-42CB-BE7C-DBC3BB0DC3EA}.Debug|iPhoneSimulator.Build.0 = Debug|iPhoneSimulator
		{9EFAF9AB-1332-42CB-BE7C-DBC3BB0DC3EA}.Debug|iPhoneSimulator.Deploy.0 = Debug|iPhoneSimulator
		{9EFAF9AB-1332-42CB-BE7C-DBC3BB0DC3EA}.Debug|x64.ActiveCfg = Debug|iPhone
		{9EFAF9AB-1332-42CB-BE7C-DBC3BB0DC3EA}.Debug|x64.Build.0 = Debug|iPhone
		{9EFAF9AB-1332-42CB-BE7C-DBC3BB0DC3EA}.Debug|x64.Deploy.0 = Debug|iPhone
		{9EFAF9AB-1332-42CB-BE7C-DBC3BB0DC3EA}.Debug|x86.ActiveCfg = Debug|iPhone
		{9EFAF9AB-1332-42CB-BE7C-DBC3BB0DC3EA}.Debug|x86.Build.0 = Debug|iPhone
		{9EFAF9AB-1332-42CB-BE7C-DBC3BB0DC3EA}.Debug|x86.Deploy.0 = Debug|iPhone
		{9EFAF9AB-1332-42CB-BE7C-DBC3BB0DC3EA}.Release|Any CPU.ActiveCfg = Release|iPhone
		{9EFAF9AB-1332-42CB-BE7C-DBC3BB0DC3EA}.Release|Any CPU.Build.0 = Release|iPhone
		{9EFAF9AB-1332-42CB-BE7C-DBC3BB0DC3EA}.Release|Any CPU.Deploy.0 = Release|iPhone
		{9EFAF9AB-1332-42CB-BE7C-DBC3BB0DC3EA}.Release|ARM.ActiveCfg = Release|iPhone
		{9EFAF9AB-1332-42CB-BE7C-DBC3BB0DC3EA}.Release|ARM.Build.0 = Release|iPhone
		{9EFAF9AB-1332-42CB-BE7C-DBC3BB0DC3EA}.Release|ARM.Deploy.0 = Release|iPhone
		{9EFAF9AB-1332-42CB-BE7C-DBC3BB0DC3EA}.Release|iPhone.ActiveCfg = Release|iPhone
		{9EFAF9AB-1332-42CB-BE7C-DBC3BB0DC3EA}.Release|iPhone.Build.0 = Release|iPhone
		{9EFAF9AB-1332-42CB-BE7C-DBC3BB0DC3EA}.Release|iPhone.Deploy.0 = Release|iPhone
		{9EFAF9AB-1332-42CB-BE7C-DBC3BB0DC3EA}.Release|iPhoneSimulator.ActiveCfg = Release|iPhoneSimulator
		{9EFAF9AB-1332-42CB-BE7C-DBC3BB0DC3EA}.Release|iPhoneSimulator.Build.0 = Release|iPhoneSimulator
		{9EFAF9AB-1332-42CB-BE7C-DBC3BB0DC3EA}.Release|iPhoneSimulator.Deploy.0 = Release|iPhoneSimulator
		{9EFAF9AB-1332-42CB-BE7C-DBC3BB0DC3EA}.Release|x64.ActiveCfg = Release|iPhone
		{9EFAF9AB-1332-42CB-BE7C-DBC3BB0DC3EA}.Release|x64.Build.0 = Release|iPhone
		{9EFAF9AB-1332-42CB-BE7C-DBC3BB0DC3EA}.Release|x64.Deploy.0 = Release|iPhone
		{9EFAF9AB-1332-42CB-BE7C-DBC3BB0DC3EA}.Release|x86.ActiveCfg = Release|iPhone
		{9EFAF9AB-1332-42CB-BE7C-DBC3BB0DC3EA}.Release|x86.Build.0 = Release|iPhone
		{9EFAF9AB-1332-42CB-BE7C-DBC3BB0DC3EA}.Release|x86.Deploy.0 = Release|iPhone
		{09ABC937-0F06-4007-A9C9-97719A235FE4}.Debug|Any CPU.ActiveCfg = Debug|Any CPU
		{09ABC937-0F06-4007-A9C9-97719A235FE4}.Debug|Any CPU.Build.0 = Debug|Any CPU
		{09ABC937-0F06-4007-A9C9-97719A235FE4}.Debug|Any CPU.Deploy.0 = Debug|Any CPU
		{09ABC937-0F06-4007-A9C9-97719A235FE4}.Debug|ARM.ActiveCfg = Debug|Any CPU
		{09ABC937-0F06-4007-A9C9-97719A235FE4}.Debug|ARM.Build.0 = Debug|Any CPU
		{09ABC937-0F06-4007-A9C9-97719A235FE4}.Debug|ARM.Deploy.0 = Debug|Any CPU
		{09ABC937-0F06-4007-A9C9-97719A235FE4}.Debug|iPhone.ActiveCfg = Debug|Any CPU
		{09ABC937-0F06-4007-A9C9-97719A235FE4}.Debug|iPhone.Build.0 = Debug|Any CPU
		{09ABC937-0F06-4007-A9C9-97719A235FE4}.Debug|iPhone.Deploy.0 = Debug|Any CPU
		{09ABC937-0F06-4007-A9C9-97719A235FE4}.Debug|iPhoneSimulator.ActiveCfg = Debug|Any CPU
		{09ABC937-0F06-4007-A9C9-97719A235FE4}.Debug|iPhoneSimulator.Build.0 = Debug|Any CPU
		{09ABC937-0F06-4007-A9C9-97719A235FE4}.Debug|iPhoneSimulator.Deploy.0 = Debug|Any CPU
		{09ABC937-0F06-4007-A9C9-97719A235FE4}.Debug|x64.ActiveCfg = Debug|Any CPU
		{09ABC937-0F06-4007-A9C9-97719A235FE4}.Debug|x64.Build.0 = Debug|Any CPU
		{09ABC937-0F06-4007-A9C9-97719A235FE4}.Debug|x64.Deploy.0 = Debug|Any CPU
		{09ABC937-0F06-4007-A9C9-97719A235FE4}.Debug|x86.ActiveCfg = Debug|Any CPU
		{09ABC937-0F06-4007-A9C9-97719A235FE4}.Debug|x86.Build.0 = Debug|Any CPU
		{09ABC937-0F06-4007-A9C9-97719A235FE4}.Debug|x86.Deploy.0 = Debug|Any CPU
		{09ABC937-0F06-4007-A9C9-97719A235FE4}.Release|Any CPU.ActiveCfg = Release|Any CPU
		{09ABC937-0F06-4007-A9C9-97719A235FE4}.Release|Any CPU.Build.0 = Release|Any CPU
		{09ABC937-0F06-4007-A9C9-97719A235FE4}.Release|Any CPU.Deploy.0 = Release|Any CPU
		{09ABC937-0F06-4007-A9C9-97719A235FE4}.Release|ARM.ActiveCfg = Release|Any CPU
		{09ABC937-0F06-4007-A9C9-97719A235FE4}.Release|ARM.Build.0 = Release|Any CPU
		{09ABC937-0F06-4007-A9C9-97719A235FE4}.Release|ARM.Deploy.0 = Release|Any CPU
		{09ABC937-0F06-4007-A9C9-97719A235FE4}.Release|iPhone.ActiveCfg = Release|Any CPU
		{09ABC937-0F06-4007-A9C9-97719A235FE4}.Release|iPhone.Build.0 = Release|Any CPU
		{09ABC937-0F06-4007-A9C9-97719A235FE4}.Release|iPhone.Deploy.0 = Release|Any CPU
		{09ABC937-0F06-4007-A9C9-97719A235FE4}.Release|iPhoneSimulator.ActiveCfg = Release|Any CPU
		{09ABC937-0F06-4007-A9C9-97719A235FE4}.Release|iPhoneSimulator.Build.0 = Release|Any CPU
		{09ABC937-0F06-4007-A9C9-97719A235FE4}.Release|iPhoneSimulator.Deploy.0 = Release|Any CPU
		{09ABC937-0F06-4007-A9C9-97719A235FE4}.Release|x64.ActiveCfg = Release|Any CPU
		{09ABC937-0F06-4007-A9C9-97719A235FE4}.Release|x64.Build.0 = Release|Any CPU
		{09ABC937-0F06-4007-A9C9-97719A235FE4}.Release|x64.Deploy.0 = Release|Any CPU
		{09ABC937-0F06-4007-A9C9-97719A235FE4}.Release|x86.ActiveCfg = Release|Any CPU
		{09ABC937-0F06-4007-A9C9-97719A235FE4}.Release|x86.Build.0 = Release|Any CPU
		{09ABC937-0F06-4007-A9C9-97719A235FE4}.Release|x86.Deploy.0 = Release|Any CPU
		{DF417CD5-667D-4F3E-BA26-E3CEBBCE7118}.Debug|Any CPU.ActiveCfg = Debug|Any CPU
		{DF417CD5-667D-4F3E-BA26-E3CEBBCE7118}.Debug|Any CPU.Build.0 = Debug|Any CPU
		{DF417CD5-667D-4F3E-BA26-E3CEBBCE7118}.Debug|Any CPU.Deploy.0 = Debug|Any CPU
		{DF417CD5-667D-4F3E-BA26-E3CEBBCE7118}.Debug|ARM.ActiveCfg = Debug|Any CPU
		{DF417CD5-667D-4F3E-BA26-E3CEBBCE7118}.Debug|ARM.Build.0 = Debug|Any CPU
		{DF417CD5-667D-4F3E-BA26-E3CEBBCE7118}.Debug|ARM.Deploy.0 = Debug|Any CPU
		{DF417CD5-667D-4F3E-BA26-E3CEBBCE7118}.Debug|iPhone.ActiveCfg = Debug|Any CPU
		{DF417CD5-667D-4F3E-BA26-E3CEBBCE7118}.Debug|iPhone.Build.0 = Debug|Any CPU
		{DF417CD5-667D-4F3E-BA26-E3CEBBCE7118}.Debug|iPhone.Deploy.0 = Debug|Any CPU
		{DF417CD5-667D-4F3E-BA26-E3CEBBCE7118}.Debug|iPhoneSimulator.ActiveCfg = Debug|Any CPU
		{DF417CD5-667D-4F3E-BA26-E3CEBBCE7118}.Debug|iPhoneSimulator.Build.0 = Debug|Any CPU
		{DF417CD5-667D-4F3E-BA26-E3CEBBCE7118}.Debug|iPhoneSimulator.Deploy.0 = Debug|Any CPU
		{DF417CD5-667D-4F3E-BA26-E3CEBBCE7118}.Debug|x64.ActiveCfg = Debug|Any CPU
		{DF417CD5-667D-4F3E-BA26-E3CEBBCE7118}.Debug|x64.Build.0 = Debug|Any CPU
		{DF417CD5-667D-4F3E-BA26-E3CEBBCE7118}.Debug|x64.Deploy.0 = Debug|Any CPU
		{DF417CD5-667D-4F3E-BA26-E3CEBBCE7118}.Debug|x86.ActiveCfg = Debug|Any CPU
		{DF417CD5-667D-4F3E-BA26-E3CEBBCE7118}.Debug|x86.Build.0 = Debug|Any CPU
		{DF417CD5-667D-4F3E-BA26-E3CEBBCE7118}.Debug|x86.Deploy.0 = Debug|Any CPU
		{DF417CD5-667D-4F3E-BA26-E3CEBBCE7118}.Release|Any CPU.ActiveCfg = Release|Any CPU
		{DF417CD5-667D-4F3E-BA26-E3CEBBCE7118}.Release|Any CPU.Build.0 = Release|Any CPU
		{DF417CD5-667D-4F3E-BA26-E3CEBBCE7118}.Release|Any CPU.Deploy.0 = Release|Any CPU
		{DF417CD5-667D-4F3E-BA26-E3CEBBCE7118}.Release|ARM.ActiveCfg = Release|Any CPU
		{DF417CD5-667D-4F3E-BA26-E3CEBBCE7118}.Release|ARM.Build.0 = Release|Any CPU
		{DF417CD5-667D-4F3E-BA26-E3CEBBCE7118}.Release|ARM.Deploy.0 = Release|Any CPU
		{DF417CD5-667D-4F3E-BA26-E3CEBBCE7118}.Release|iPhone.ActiveCfg = Release|Any CPU
		{DF417CD5-667D-4F3E-BA26-E3CEBBCE7118}.Release|iPhone.Build.0 = Release|Any CPU
		{DF417CD5-667D-4F3E-BA26-E3CEBBCE7118}.Release|iPhone.Deploy.0 = Release|Any CPU
		{DF417CD5-667D-4F3E-BA26-E3CEBBCE7118}.Release|iPhoneSimulator.ActiveCfg = Release|Any CPU
		{DF417CD5-667D-4F3E-BA26-E3CEBBCE7118}.Release|iPhoneSimulator.Build.0 = Release|Any CPU
		{DF417CD5-667D-4F3E-BA26-E3CEBBCE7118}.Release|iPhoneSimulator.Deploy.0 = Release|Any CPU
		{DF417CD5-667D-4F3E-BA26-E3CEBBCE7118}.Release|x64.ActiveCfg = Release|Any CPU
		{DF417CD5-667D-4F3E-BA26-E3CEBBCE7118}.Release|x64.Build.0 = Release|Any CPU
		{DF417CD5-667D-4F3E-BA26-E3CEBBCE7118}.Release|x64.Deploy.0 = Release|Any CPU
		{DF417CD5-667D-4F3E-BA26-E3CEBBCE7118}.Release|x86.ActiveCfg = Release|Any CPU
		{DF417CD5-667D-4F3E-BA26-E3CEBBCE7118}.Release|x86.Build.0 = Release|Any CPU
		{DF417CD5-667D-4F3E-BA26-E3CEBBCE7118}.Release|x86.Deploy.0 = Release|Any CPU
	EndGlobalSection
	GlobalSection(SolutionProperties) = preSolution
		HideSolutionNode = FALSE
	EndGlobalSection
	GlobalSection(ExtensibilityGlobals) = postSolution
		SolutionGuid = {1627C421-5B1E-4E7E-ADF5-BECD41AF0EDB}
	EndGlobalSection
EndGlobal
